
Microsoft Visual Studio Solution File, Format Version 12.00
# Visual Studio Version 17
VisualStudioVersion = 17.8.34316.72
MinimumVisualStudioVersion = 10.0.40219.1
Project("{FAE04EC0-301F-11D3-BF4B-00C04F79EFBC}") = "IlanSistemiHS", "IlanSistemiHS\IlanSistemiHS.csproj", "{19AED7B6-3890-4051-8EA0-B97FF41FBB1A}"
EndProject
Global
	GlobalSection(SolutionConfigurationPlatforms) = preSolution
		Debug|Any CPU = Debug|Any CPU
		Release|Any CPU = Release|Any CPU
	EndGlobalSection
	GlobalSection(ProjectConfigurationPlatforms) = postSolution
		{19AED7B6-3890-4051-8EA0-B97FF41FBB1A}.Debug|Any CPU.ActiveCfg = Debug|Any CPU
		{19AED7B6-3890-4051-8EA0-B97FF41FBB1A}.Debug|Any CPU.Build.0 = Debug|Any CPU
		{19AED7B6-3890-4051-8EA0-B97FF41FBB1A}.Release|Any CPU.ActiveCfg = Release|Any CPU
		{19AED7B6-3890-4051-8EA0-B97FF41FBB1A}.Release|Any CPU.Build.0 = Release|Any CPU
	EndGlobalSection
	GlobalSection(SolutionProperties) = preSolution
		HideSolutionNode = FALSE
	EndGlobalSection
	GlobalSection(ExtensibilityGlobals) = postSolution
		SolutionGuid = {2A96FFC8-E46A-4B86-95F0-55C55E7A68FA}
	EndGlobalSection
EndGlobal
